
Microsoft Visual Studio Solution File, Format Version 12.00
Project("{F2A71F9B-5D33-465A-A702-920D77279786}") = "SuperSDG", "SuperSDG\SuperSDG.fsproj", "{49444524-18AF-4426-BCA9-93D3E2EFC126}"
EndProject
Project("{2150E333-8FDC-42A3-9474-1A3956D46DE8}") = "Solution Files", "Solution Files", "{7BE08D17-AE7D-4015-96D4-5E0DA9FC8476}"
ProjectSection(SolutionItems) = preProject
	global.json = global.json
	README.md = README.md
EndProjectSection
EndProject
Project("{F2A71F9B-5D33-465A-A702-920D77279786}") = "Playground", "Playground\Playground.fsproj", "{1FDAD691-88AA-428B-AB72-92A99EC70830}"
EndProject
Global
	GlobalSection(SolutionConfigurationPlatforms) = preSolution
		Debug|Any CPU = Debug|Any CPU
		Release|Any CPU = Release|Any CPU
	EndGlobalSection
	GlobalSection(ProjectConfigurationPlatforms) = postSolution
		{49444524-18AF-4426-BCA9-93D3E2EFC126}.Debug|Any CPU.ActiveCfg = Debug|Any CPU
		{49444524-18AF-4426-BCA9-93D3E2EFC126}.Debug|Any CPU.Build.0 = Debug|Any CPU
		{49444524-18AF-4426-BCA9-93D3E2EFC126}.Release|Any CPU.ActiveCfg = Release|Any CPU
		{49444524-18AF-4426-BCA9-93D3E2EFC126}.Release|Any CPU.Build.0 = Release|Any CPU
		{1FDAD691-88AA-428B-AB72-92A99EC70830}.Debug|Any CPU.ActiveCfg = Debug|Any CPU
		{1FDAD691-88AA-428B-AB72-92A99EC70830}.Debug|Any CPU.Build.0 = Debug|Any CPU
		{1FDAD691-88AA-428B-AB72-92A99EC70830}.Release|Any CPU.ActiveCfg = Release|Any CPU
		{1FDAD691-88AA-428B-AB72-92A99EC70830}.Release|Any CPU.Build.0 = Release|Any CPU
	EndGlobalSection
EndGlobal
